
Microsoft Visual Studio Solution File, Format Version 12.00
# Visual Studio Version 16
VisualStudioVersion = 16.0.31613.86
MinimumVisualStudioVersion = 10.0.40219.1
Project("{FAE04EC0-301F-11D3-BF4B-00C04F79EFBC}") = "DatabaseBackup", "DatabaseBackup.csproj", "{715FE1FB-91A9-4FE5-B6D3-1333CA56A737}"
EndProject
Global
	GlobalSection(SolutionConfigurationPlatforms) = preSolution
		Debug|Any CPU = Debug|Any CPU
		Release|Any CPU = Release|Any CPU
	EndGlobalSection
	GlobalSection(ProjectConfigurationPlatforms) = postSolution
		{715FE1FB-91A9-4FE5-B6D3-1333CA56A737}.Debug|Any CPU.ActiveCfg = Debug|Any CPU
		{715FE1FB-91A9-4FE5-B6D3-1333CA56A737}.Debug|Any CPU.Build.0 = Debug|Any CPU
		{715FE1FB-91A9-4FE5-B6D3-1333CA56A737}.Release|Any CPU.ActiveCfg = Release|Any CPU
		{715FE1FB-91A9-4FE5-B6D3-1333CA56A737}.Release|Any CPU.Build.0 = Release|Any CPU
	EndGlobalSection
	GlobalSection(SolutionProperties) = preSolution
		HideSolutionNode = FALSE
	EndGlobalSection
	GlobalSection(ExtensibilityGlobals) = postSolution
		SolutionGuid = {955408D5-52A8-4F52-948D-F5D687D483F5}
	EndGlobalSection
EndGlobal
